version = 1
requires-python = ">=3.12"

[[package]]
name = "colorama"
version = "0.4.6"
source = { registry = "https://pypi.org/simple" }
sdist = { url = "https://files.pythonhosted.org/packages/d8/53/6f443c9a4a8358a93a6792e2acffb9d9d5cb0a5cfd8802644b7b1c9a02e4/colorama-0.4.6.tar.gz", hash = "sha256:08695f5cb7ed6e0531a20572697297273c47b8cae5a63ffc6d6ed5c201be6e44", size = 27697 }
wheels = [
    { url = "https://files.pythonhosted.org/packages/d1/d6/3965ed04c63042e047cb6a3e6ed1a63a35087b6a609aa3a15ed8ac56c221/colorama-0.4.6-py2.py3-none-any.whl", hash = "sha256:4f1d9991f5acc0ca119f9d443620b77f9d6b33703e51011c16baf57afb285fc6", size = 25335 },
]

[[package]]
name = "coverage"
version = "7.8.2"
source = { registry = "https://pypi.org/simple" }
sdist = { url = "https://files.pythonhosted.org/packages/ba/07/998afa4a0ecdf9b1981ae05415dad2d4e7716e1b1f00abbd91691ac09ac9/coverage-7.8.2.tar.gz", hash = "sha256:a886d531373a1f6ff9fad2a2ba4a045b68467b779ae729ee0b3b10ac20033b27", size = 812759 }
wheels = [
    { url = "https://files.pythonhosted.org/packages/8d/2a/1da1ada2e3044fcd4a3254fb3576e160b8fe5b36d705c8a31f793423f763/coverage-7.8.2-cp312-cp312-macosx_10_13_x86_64.whl", hash = "sha256:e2f6fe3654468d061942591aef56686131335b7a8325684eda85dacdf311356c", size = 211876 },
    { url = "https://files.pythonhosted.org/packages/70/e9/3d715ffd5b6b17a8be80cd14a8917a002530a99943cc1939ad5bb2aa74b9/coverage-7.8.2-cp312-cp312-macosx_11_0_arm64.whl", hash = "sha256:76090fab50610798cc05241bf83b603477c40ee87acd358b66196ab0ca44ffa1", size = 212130 },
    { url = "https://files.pythonhosted.org/packages/a0/02/fdce62bb3c21649abfd91fbdcf041fb99be0d728ff00f3f9d54d97ed683e/coverage-7.8.2-cp312-cp312-manylinux_2_17_aarch64.manylinux2014_aarch64.whl", hash = "sha256:2bd0a0a5054be160777a7920b731a0570284db5142abaaf81bcbb282b8d99279", size = 246176 },
    { url = "https://files.pythonhosted.org/packages/a7/52/decbbed61e03b6ffe85cd0fea360a5e04a5a98a7423f292aae62423b8557/coverage-7.8.2-cp312-cp312-manylinux_2_5_i686.manylinux1_i686.manylinux_2_17_i686.manylinux2014_i686.whl", hash = "sha256:da23ce9a3d356d0affe9c7036030b5c8f14556bd970c9b224f9c8205505e3b99", size = 243068 },
    { url = "https://files.pythonhosted.org/packages/38/6c/d0e9c0cce18faef79a52778219a3c6ee8e336437da8eddd4ab3dbd8fadff/coverage-7.8.2-cp312-cp312-manylinux_2_5_x86_64.manylinux1_x86_64.manylinux_2_17_x86_64.manylinux2014_x86_64.whl", hash = "sha256:c9392773cffeb8d7e042a7b15b82a414011e9d2b5fdbbd3f7e6a6b17d5e21b20", size = 245328 },
    { url = "https://files.pythonhosted.org/packages/f0/70/f703b553a2f6b6c70568c7e398ed0789d47f953d67fbba36a327714a7bca/coverage-7.8.2-cp312-cp312-musllinux_1_2_aarch64.whl", hash = "sha256:876cbfd0b09ce09d81585d266c07a32657beb3eaec896f39484b631555be0fe2", size = 245099 },
    { url = "https://files.pythonhosted.org/packages/ec/fb/4cbb370dedae78460c3aacbdad9d249e853f3bc4ce5ff0e02b1983d03044/coverage-7.8.2-cp312-cp312-musllinux_1_2_i686.whl", hash = "sha256:3da9b771c98977a13fbc3830f6caa85cae6c9c83911d24cb2d218e9394259c57", size = 243314 },
    { url = "https://files.pythonhosted.org/packages/39/9f/1afbb2cb9c8699b8bc38afdce00a3b4644904e6a38c7bf9005386c9305ec/coverage-7.8.2-cp312-cp312-musllinux_1_2_x86_64.whl", hash = "sha256:9a990f6510b3292686713bfef26d0049cd63b9c7bb17e0864f133cbfd2e6167f", size = 244489 },
    { url = "https://files.pythonhosted.org/packages/79/fa/f3e7ec7d220bff14aba7a4786ae47043770cbdceeea1803083059c878837/coverage-7.8.2-cp312-cp312-win32.whl", hash = "sha256:bf8111cddd0f2b54d34e96613e7fbdd59a673f0cf5574b61134ae75b6f5a33b8", size = 214366 },
    { url = "https://files.pythonhosted.org/packages/54/aa/9cbeade19b7e8e853e7ffc261df885d66bf3a782c71cba06c17df271f9e6/coverage-7.8.2-cp312-cp312-win_amd64.whl", hash = "sha256:86a323a275e9e44cdf228af9b71c5030861d4d2610886ab920d9945672a81223", size = 215165 },
    { url = "https://files.pythonhosted.org/packages/c4/73/e2528bf1237d2448f882bbebaec5c3500ef07301816c5c63464b9da4d88a/coverage-7.8.2-cp312-cp312-win_arm64.whl", hash = "sha256:820157de3a589e992689ffcda8639fbabb313b323d26388d02e154164c57b07f", size = 213548 },
    { url = "https://files.pythonhosted.org/packages/1a/93/eb6400a745ad3b265bac36e8077fdffcf0268bdbbb6c02b7220b624c9b31/coverage-7.8.2-cp313-cp313-macosx_10_13_x86_64.whl", hash = "sha256:ea561010914ec1c26ab4188aef8b1567272ef6de096312716f90e5baa79ef8ca", size = 211898 },
    { url = "https://files.pythonhosted.org/packages/1b/7c/bdbf113f92683024406a1cd226a199e4200a2001fc85d6a6e7e299e60253/coverage-7.8.2-cp313-cp313-macosx_11_0_arm64.whl", hash = "sha256:cb86337a4fcdd0e598ff2caeb513ac604d2f3da6d53df2c8e368e07ee38e277d", size = 212171 },
    { url = "https://files.pythonhosted.org/packages/91/22/594513f9541a6b88eb0dba4d5da7d71596dadef6b17a12dc2c0e859818a9/coverage-7.8.2-cp313-cp313-manylinux_2_17_aarch64.manylinux2014_aarch64.whl", hash = "sha256:26a4636ddb666971345541b59899e969f3b301143dd86b0ddbb570bd591f1e85", size = 245564 },
    { url = "https://files.pythonhosted.org/packages/1f/f4/2860fd6abeebd9f2efcfe0fd376226938f22afc80c1943f363cd3c28421f/coverage-7.8.2-cp313-cp313-manylinux_2_5_i686.manylinux1_i686.manylinux_2_17_i686.manylinux2014_i686.whl", hash = "sha256:5040536cf9b13fb033f76bcb5e1e5cb3b57c4807fef37db9e0ed129c6a094257", size = 242719 },
    { url = "https://files.pythonhosted.org/packages/89/60/f5f50f61b6332451520e6cdc2401700c48310c64bc2dd34027a47d6ab4ca/coverage-7.8.2-cp313-cp313-manylinux_2_5_x86_64.manylinux1_x86_64.manylinux_2_17_x86_64.manylinux2014_x86_64.whl", hash = "sha256:dc67994df9bcd7e0150a47ef41278b9e0a0ea187caba72414b71dc590b99a108", size = 244634 },
    { url = "https://files.pythonhosted.org/packages/3b/70/7f4e919039ab7d944276c446b603eea84da29ebcf20984fb1fdf6e602028/coverage-7.8.2-cp313-cp313-musllinux_1_2_aarch64.whl", hash = "sha256:6e6c86888fd076d9e0fe848af0a2142bf606044dc5ceee0aa9eddb56e26895a0", size = 244824 },
    { url = "https://files.pythonhosted.org/packages/26/45/36297a4c0cea4de2b2c442fe32f60c3991056c59cdc3cdd5346fbb995c97/coverage-7.8.2-cp313-cp313-musllinux_1_2_i686.whl", hash = "sha256:684ca9f58119b8e26bef860db33524ae0365601492e86ba0b71d513f525e7050", size = 242872 },
    { url = "https://files.pythonhosted.org/packages/a4/71/e041f1b9420f7b786b1367fa2a375703889ef376e0d48de9f5723fb35f11/coverage-7.8.2-cp313-cp313-musllinux_1_2_x86_64.whl", hash = "sha256:8165584ddedb49204c4e18da083913bdf6a982bfb558632a79bdaadcdafd0d48", size = 244179 },
    { url = "https://files.pythonhosted.org/packages/bd/db/3c2bf49bdc9de76acf2491fc03130c4ffc51469ce2f6889d2640eb563d77/coverage-7.8.2-cp313-cp313-win32.whl", hash = "sha256:34759ee2c65362163699cc917bdb2a54114dd06d19bab860725f94ef45a3d9b7", size = 214393 },
    { url = "https://files.pythonhosted.org/packages/c6/dc/947e75d47ebbb4b02d8babb1fad4ad381410d5bc9da7cfca80b7565ef401/coverage-7.8.2-cp313-cp313-win_amd64.whl", hash = "sha256:2f9bc608fbafaee40eb60a9a53dbfb90f53cc66d3d32c2849dc27cf5638a21e3", size = 215194 },
    { url = "https://files.pythonhosted.org/packages/90/31/a980f7df8a37eaf0dc60f932507fda9656b3a03f0abf188474a0ea188d6d/coverage-7.8.2-cp313-cp313-win_arm64.whl", hash = "sha256:9fe449ee461a3b0c7105690419d0b0aba1232f4ff6d120a9e241e58a556733f7", size = 213580 },
    { url = "https://files.pythonhosted.org/packages/8a/6a/25a37dd90f6c95f59355629417ebcb74e1c34e38bb1eddf6ca9b38b0fc53/coverage-7.8.2-cp313-cp313t-macosx_10_13_x86_64.whl", hash = "sha256:8369a7c8ef66bded2b6484053749ff220dbf83cba84f3398c84c51a6f748a008", size = 212734 },
    { url = "https://files.pythonhosted.org/packages/36/8b/3a728b3118988725f40950931abb09cd7f43b3c740f4640a59f1db60e372/coverage-7.8.2-cp313-cp313t-macosx_11_0_arm64.whl", hash = "sha256:159b81df53a5fcbc7d45dae3adad554fdbde9829a994e15227b3f9d816d00b36", size = 212959 },
    { url = "https://files.pythonhosted.org/packages/53/3c/212d94e6add3a3c3f412d664aee452045ca17a066def8b9421673e9482c4/coverage-7.8.2-cp313-cp313t-manylinux_2_17_aarch64.manylinux2014_aarch64.whl", hash = "sha256:e6fcbbd35a96192d042c691c9e0c49ef54bd7ed865846a3c9d624c30bb67ce46", size = 257024 },
    { url = "https://files.pythonhosted.org/packages/a4/40/afc03f0883b1e51bbe804707aae62e29c4e8c8bbc365c75e3e4ddeee9ead/coverage-7.8.2-cp313-cp313t-manylinux_2_5_i686.manylinux1_i686.manylinux_2_17_i686.manylinux2014_i686.whl", hash = "sha256:05364b9cc82f138cc86128dc4e2e1251c2981a2218bfcd556fe6b0fbaa3501be", size = 252867 },
    { url = "https://files.pythonhosted.org/packages/18/a2/3699190e927b9439c6ded4998941a3c1d6fa99e14cb28d8536729537e307/coverage-7.8.2-cp313-cp313t-manylinux_2_5_x86_64.manylinux1_x86_64.manylinux_2_17_x86_64.manylinux2014_x86_64.whl", hash = "sha256:46d532db4e5ff3979ce47d18e2fe8ecad283eeb7367726da0e5ef88e4fe64740", size = 255096 },
    { url = "https://files.pythonhosted.org/packages/b4/06/16e3598b9466456b718eb3e789457d1a5b8bfb22e23b6e8bbc307df5daf0/coverage-7.8.2-cp313-cp313t-musllinux_1_2_aarch64.whl", hash = "sha256:4000a31c34932e7e4fa0381a3d6deb43dc0c8f458e3e7ea6502e6238e10be625", size = 256276 },
    { url = "https://files.pythonhosted.org/packages/a7/d5/4b5a120d5d0223050a53d2783c049c311eea1709fa9de12d1c358e18b707/coverage-7.8.2-cp313-cp313t-musllinux_1_2_i686.whl", hash = "sha256:43ff5033d657cd51f83015c3b7a443287250dc14e69910577c3e03bd2e06f27b", size = 254478 },
    { url = "https://files.pythonhosted.org/packages/ba/85/f9ecdb910ecdb282b121bfcaa32fa8ee8cbd7699f83330ee13ff9bbf1a85/coverage-7.8.2-cp313-cp313t-musllinux_1_2_x86_64.whl", hash = "sha256:94316e13f0981cbbba132c1f9f365cac1d26716aaac130866ca812006f662199", size = 255255 },
    { url = "https://files.pythonhosted.org/packages/50/63/2d624ac7d7ccd4ebbd3c6a9eba9d7fc4491a1226071360d59dd84928ccb2/coverage-7.8.2-cp313-cp313t-win32.whl", hash = "sha256:3f5673888d3676d0a745c3d0e16da338c5eea300cb1f4ada9c872981265e76d8", size = 215109 },
    { url = "https://files.pythonhosted.org/packages/22/5e/7053b71462e970e869111c1853afd642212568a350eba796deefdfbd0770/coverage-7.8.2-cp313-cp313t-win_amd64.whl", hash = "sha256:2c08b05ee8d7861e45dc5a2cc4195c8c66dca5ac613144eb6ebeaff2d502e73d", size = 216268 },
    { url = "https://files.pythonhosted.org/packages/07/69/afa41aa34147655543dbe96994f8a246daf94b361ccf5edfd5df62ce066a/coverage-7.8.2-cp313-cp313t-win_arm64.whl", hash = "sha256:1e1448bb72b387755e1ff3ef1268a06617afd94188164960dba8d0245a46004b", size = 214071 },
    { url = "https://files.pythonhosted.org/packages/a0/1a/0b9c32220ad694d66062f571cc5cedfa9997b64a591e8a500bb63de1bd40/coverage-7.8.2-py3-none-any.whl", hash = "sha256:726f32ee3713f7359696331a18daf0c3b3a70bb0ae71141b9d3c52be7c595e32", size = 203623 },
]

[[package]]
name = "fsspec"
version = "2025.5.1"
source = { registry = "https://pypi.org/simple" }
sdist = { url = "https://files.pythonhosted.org/packages/00/f7/27f15d41f0ed38e8fcc488584b57e902b331da7f7c6dcda53721b15838fc/fsspec-2025.5.1.tar.gz", hash = "sha256:2e55e47a540b91843b755e83ded97c6e897fa0942b11490113f09e9c443c2475", size = 303033 }
wheels = [
    { url = "https://files.pythonhosted.org/packages/bb/61/78c7b3851add1481b048b5fdc29067397a1784e2910592bc81bb3f608635/fsspec-2025.5.1-py3-none-any.whl", hash = "sha256:24d3a2e663d5fc735ab256263c4075f374a174c3410c0b25e5bd1970bceaa462", size = 199052 },
]

[[package]]
name = "iniconfig"
version = "2.1.0"
source = { registry = "https://pypi.org/simple" }
sdist = { url = "https://files.pythonhosted.org/packages/f2/97/ebf4da567aa6827c909642694d71c9fcf53e5b504f2d96afea02718862f3/iniconfig-2.1.0.tar.gz", hash = "sha256:3abbd2e30b36733fee78f9c7f7308f2d0050e88f0087fd25c2645f63c773e1c7", size = 4793 }
wheels = [
    { url = "https://files.pythonhosted.org/packages/2c/e1/e6716421ea10d38022b952c159d5161ca1193197fb744506875fbb87ea7b/iniconfig-2.1.0-py3-none-any.whl", hash = "sha256:9deba5723312380e77435581c6bf4935c94cbfab9b1ed33ef8d238ea168eb760", size = 6050 },
]

[[package]]
name = "opendal"
version = "0.45.20"
source = { registry = "https://pypi.org/simple" }
sdist = { url = "https://files.pythonhosted.org/packages/2f/3f/927dfe1349ae58b9238b8eafba747af648d660a9425f486dda01a10f0b78/opendal-0.45.20.tar.gz", hash = "sha256:9f6f90d9e9f9d6e9e5a34aa7729169ef34d2f1869ad1e01ddc39b1c0ce0c9405", size = 990267 }
wheels = [
    { url = "https://files.pythonhosted.org/packages/84/77/6427e16b8630f0cc71f4a1b01648ed3264f1e04f1f6d9b5d09e5c6a4dd2f/opendal-0.45.20-cp311-abi3-macosx_10_12_x86_64.macosx_11_0_arm64.macosx_10_12_universal2.whl", hash = "sha256:35acdd8001e4a741532834fdbff3020ffb10b40028bb49fbe93c4f8197d66d8c", size = 26910966 },
    { url = "https://files.pythonhosted.org/packages/12/1f/83e415334739f1ab4dba55cdd349abf0b66612249055afb422a354b96ac8/opendal-0.45.20-cp311-abi3-manylinux_2_17_armv7l.manylinux2014_armv7l.whl", hash = "sha256:629bfe8d384364bced6cbeb01f49b99779fa5151c68048a1869ff645ddcfcb25", size = 13002770 },
    { url = "https://files.pythonhosted.org/packages/49/94/c5de6ed54a02d7413636c2ccefa71d8dd09c2ada1cd6ecab202feb1fdeda/opendal-0.45.20-cp311-abi3-manylinux_2_17_x86_64.manylinux2014_x86_64.whl", hash = "sha256:d12cc5ac7e441fb93d86d1673112d9fb08580fc3226f864434f4a56a72efec53", size = 14387218 },
    { url = "https://files.pythonhosted.org/packages/c6/83/713a1e1de8cbbd69af50e26644bbdeef3c1068b89f442417376fa3c0f591/opendal-0.45.20-cp311-abi3-manylinux_2_28_aarch64.whl", hash = "sha256:45a3adae1f473052234fc4054a6f210df3ded9aff10db8d545d0a37eff3b13cc", size = 13424302 },
    { url = "https://files.pythonhosted.org/packages/c7/78/c9651e753aaf6eb61887ca372a3f9c2ae57dae03c3159d24deaf018c26dc/opendal-0.45.20-cp311-abi3-musllinux_1_1_aarch64.whl", hash = "sha256:d8947857052c85a4b0e251d50e23f5f68f0cdd9e509e32e614a5e4b2fc7424c4", size = 13622483 },
    { url = "https://files.pythonhosted.org/packages/3c/9d/5d8c20c0fc93df5e349e5694167de30afdc54c5755704cc64764a6cbb309/opendal-0.45.20-cp311-abi3-musllinux_1_1_armv7l.whl", hash = "sha256:891d2f9114efeef648973049ed15e56477e8feb9e48b540bd8d6105ea22a253c", size = 13320229 },
    { url = "https://files.pythonhosted.org/packages/21/39/05262f748a2085522e0c85f03eab945589313dc9caedc002872c39162776/opendal-0.45.20-cp311-abi3-musllinux_1_1_x86_64.whl", hash = "sha256:539de9b825f6783d6289d88c0c9ac5415daa4d892d761e3540c565bda51e8997", size = 14574280 },
    { url = "https://files.pythonhosted.org/packages/74/83/cc7c6de29b0a7585cd445258d174ca204d37729c3874ad08e515b0bf331c/opendal-0.45.20-cp311-abi3-win_amd64.whl", hash = "sha256:145efd56aa33b493d5b652c3e4f5ae5097ab69d38c132d80f108e9f5c1e4d863", size = 14929888 },
    { url = "https://files.pythonhosted.org/packages/ab/a9/7a4ae9b309c5a675cfedd22c1d020b4f7d3a69a7a4db104d327391a0bf95/opendal-0.45.20-cp313-cp313t-macosx_10_12_x86_64.macosx_11_0_arm64.macosx_10_12_universal2.whl", hash = "sha256:1170ea1f3f082b9ccffe49b2483ddcccbf7cac1f3d2398391f7702e15ab5286a", size = 26874145 },
    { url = "https://files.pythonhosted.org/packages/95/61/3de0cbdcf95b7164e5701d83f621bb85ca3dd7a8c9835476a4904121d5a1/opendal-0.45.20-cp313-cp313t-manylinux_2_17_armv7l.manylinux2014_armv7l.whl", hash = "sha256:7afc556fca1442f7c667bdebe38ab77d87bae7fa3dd9ac8a42525fd110b12095", size = 12995774 },
    { url = "https://files.pythonhosted.org/packages/c9/de/1ac5db8e66817d7526af2ecac6d7afca6949322d6a208dd436e87ea08007/opendal-0.45.20-cp313-cp313t-manylinux_2_17_x86_64.manylinux2014_x86_64.whl", hash = "sha256:a8eb1da41f7d729ca0639e4ec6481515ad5b94ef016b0d5cf9e34b391ca0086c", size = 14402884 },
    { url = "https://files.pythonhosted.org/packages/bb/36/df5fe4db6bef0e008238df573227d84dfb1d57c03717dcc400920d96e2e7/opendal-0.45.20-cp313-cp313t-manylinux_2_28_aarch64.whl", hash = "sha256:b19a4428a2a5234f6dab569b36a1423f67ff243aafc36ab1958f709304a2b580", size = 13432874 },
    { url = "https://files.pythonhosted.org/packages/a1/ed/3b00e7ecef6fee7ce335aa5da2077855df6f2e1eac40d7f4a98a5de5f5e7/opendal-0.45.20-cp313-cp313t-musllinux_1_1_aarch64.whl", hash = "sha256:1d6fc2e24cdcb26c86d5db213f8034db41386a25343b70dca01e79874f849e4c", size = 13617539 },
    { url = "https://files.pythonhosted.org/packages/0c/c4/e2e89ac6d63f412dad51243184270f5095eb7c6ee00504b245df65957efb/opendal-0.45.20-cp313-cp313t-musllinux_1_1_armv7l.whl", hash = "sha256:ccf9a1cab13fa4f4c44a14f85fe42ec99ba2595808fae44d753ef2f9ba7b55e3", size = 13322070 },
    { url = "https://files.pythonhosted.org/packages/39/29/b02073b097915eb4c381e21bb48e5ae16dd5a6b6edb5995fb87607a82b0e/opendal-0.45.20-cp313-cp313t-musllinux_1_1_x86_64.whl", hash = "sha256:197239aa43221c8bc9b46cfeeeafbfd2e59eee7a0ec4cbe83d89a3efd53c24a3", size = 14571775 },
    { url = "https://files.pythonhosted.org/packages/01/ec/d149ed82a5cc175460e044e040d2e09e496c74e699112c6ee9d1828ff6a4/opendal-0.45.20-cp313-cp313t-win_amd64.whl", hash = "sha256:5af03824ffca796a2c77b570760bb7ddc754e9485f882fed5cc834aab4772cbf", size = 14951593 },
]

[[package]]
name = "opendalfs"
version = "0.0.1"
source = { editable = "." }
dependencies = [
    { name = "fsspec" },
    { name = "opendal" },
]

[package.optional-dependencies]
dev = [
    { name = "pytest" },
    { name = "pytest-asyncio" },
    { name = "pytest-cov" },
    { name = "pytest-lazy-fixtures" },
    { name = "ruff" },
]

[package.metadata]
requires-dist = [
    { name = "fsspec" },
    { name = "opendal" },
    { name = "pytest", marker = "extra == 'dev'" },
    { name = "pytest-asyncio", marker = "extra == 'dev'" },
    { name = "pytest-cov", marker = "extra == 'dev'" },
    { name = "pytest-lazy-fixtures", marker = "extra == 'dev'" },
    { name = "ruff", marker = "extra == 'dev'" },
]

[[package]]
name = "packaging"
version = "25.0"
source = { registry = "https://pypi.org/simple" }
sdist = { url = "https://files.pythonhosted.org/packages/a1/d4/1fc4078c65507b51b96ca8f8c3ba19e6a61c8253c72794544580a7b6c24d/packaging-25.0.tar.gz", hash = "sha256:d443872c98d677bf60f6a1f2f8c1cb748e8fe762d2bf9d3148b5599295b0fc4f", size = 165727 }
wheels = [
    { url = "https://files.pythonhosted.org/packages/20/12/38679034af332785aac8774540895e234f4d07f7545804097de4b666afd8/packaging-25.0-py3-none-any.whl", hash = "sha256:29572ef2b1f17581046b3a2227d5c611fb25ec70ca1ba8554b24b0e69331a484", size = 66469 },
]

[[package]]
name = "pluggy"
version = "1.6.0"
source = { registry = "https://pypi.org/simple" }
sdist = { url = "https://files.pythonhosted.org/packages/f9/e2/3e91f31a7d2b083fe6ef3fa267035b518369d9511ffab804f839851d2779/pluggy-1.6.0.tar.gz", hash = "sha256:7dcc130b76258d33b90f61b658791dede3486c3e6bfb003ee5c9bfb396dd22f3", size = 69412 }
wheels = [
    { url = "https://files.pythonhosted.org/packages/54/20/4d324d65cc6d9205fabedc306948156824eb9f0ee1633355a8f7ec5c66bf/pluggy-1.6.0-py3-none-any.whl", hash = "sha256:e920276dd6813095e9377c0bc5566d94c932c33b27a3e3945d8389c374dd4746", size = 20538 },
]

[[package]]
name = "pygments"
version = "2.19.1"
source = { registry = "https://pypi.org/simple" }
sdist = { url = "https://files.pythonhosted.org/packages/7c/2d/c3338d48ea6cc0feb8446d8e6937e1408088a72a39937982cc6111d17f84/pygments-2.19.1.tar.gz", hash = "sha256:61c16d2a8576dc0649d9f39e089b5f02bcd27fba10d8fb4dcc28173f7a45151f", size = 4968581 }
wheels = [
    { url = "https://files.pythonhosted.org/packages/8a/0b/9fcc47d19c48b59121088dd6da2488a49d5f72dacf8262e2790a1d2c7d15/pygments-2.19.1-py3-none-any.whl", hash = "sha256:9ea1544ad55cecf4b8242fab6dd35a93bbce657034b0611ee383099054ab6d8c", size = 1225293 },
]

[[package]]
name = "pytest"
version = "8.4.0"
source = { registry = "https://pypi.org/simple" }
dependencies = [
    { name = "colorama", marker = "sys_platform == 'win32'" },
    { name = "iniconfig" },
    { name = "packaging" },
    { name = "pluggy" },
    { name = "pygments" },
]
sdist = { url = "https://files.pythonhosted.org/packages/fb/aa/405082ce2749be5398045152251ac69c0f3578c7077efc53431303af97ce/pytest-8.4.0.tar.gz", hash = "sha256:14d920b48472ea0dbf68e45b96cd1ffda4705f33307dcc86c676c1b5104838a6", size = 1515232 }
wheels = [
    { url = "https://files.pythonhosted.org/packages/2f/de/afa024cbe022b1b318a3d224125aa24939e99b4ff6f22e0ba639a2eaee47/pytest-8.4.0-py3-none-any.whl", hash = "sha256:f40f825768ad76c0977cbacdf1fd37c6f7a468e460ea6a0636078f8972d4517e", size = 363797 },
]

[[package]]
name = "pytest-asyncio"
version = "1.0.0"
source = { registry = "https://pypi.org/simple" }
dependencies = [
    { name = "pytest" },
]
sdist = { url = "https://files.pythonhosted.org/packages/d0/d4/14f53324cb1a6381bef29d698987625d80052bb33932d8e7cbf9b337b17c/pytest_asyncio-1.0.0.tar.gz", hash = "sha256:d15463d13f4456e1ead2594520216b225a16f781e144f8fdf6c5bb4667c48b3f", size = 46960 }
wheels = [
    { url = "https://files.pythonhosted.org/packages/30/05/ce271016e351fddc8399e546f6e23761967ee09c8c568bbfbecb0c150171/pytest_asyncio-1.0.0-py3-none-any.whl", hash = "sha256:4f024da9f1ef945e680dc68610b52550e36590a67fd31bb3b4943979a1f90ef3", size = 15976 },
]

[[package]]
name = "pytest-cov"
version = "6.1.1"
source = { registry = "https://pypi.org/simple" }
dependencies = [
    { name = "coverage" },
    { name = "pytest" },
]
sdist = { url = "https://files.pythonhosted.org/packages/25/69/5f1e57f6c5a39f81411b550027bf72842c4567ff5fd572bed1edc9e4b5d9/pytest_cov-6.1.1.tar.gz", hash = "sha256:46935f7aaefba760e716c2ebfbe1c216240b9592966e7da99ea8292d4d3e2a0a", size = 66857 }
wheels = [
    { url = "https://files.pythonhosted.org/packages/28/d0/def53b4a790cfb21483016430ed828f64830dd981ebe1089971cd10cab25/pytest_cov-6.1.1-py3-none-any.whl", hash = "sha256:bddf29ed2d0ab6f4df17b4c55b0a657287db8684af9c42ea546b21b1041b3dde", size = 23841 },
]

[[package]]
name = "pytest-lazy-fixtures"
version = "1.3.2"
source = { registry = "https://pypi.org/simple" }
dependencies = [
    { name = "pytest" },
]
sdist = { url = "https://files.pythonhosted.org/packages/95/17/ff51472404b5597c8e983ff16e61101d51e63d3e19d7d3d9ace4c404ff61/pytest_lazy_fixtures-1.3.2.tar.gz", hash = "sha256:76bac6772e97173828d49551695cc6e3927c7c86c65cd19d4cccb0c14a45f821", size = 34114 }
wheels = [
    { url = "https://files.pythonhosted.org/packages/63/17/24fb2218d850800dfad9c12fc31935900304f2bfefedfd060230a4a684f3/pytest_lazy_fixtures-1.3.2-py3-none-any.whl", hash = "sha256:a2a7096c6a4f71f0160eaa07fe03f93c006505dd7283df075cd26fcc2b654754", size = 8389 },
]

[[package]]
name = "ruff"
version = "0.11.12"
source = { registry = "https://pypi.org/simple" }
sdist = { url = "https://files.pythonhosted.org/packages/15/0a/92416b159ec00cdf11e5882a9d80d29bf84bba3dbebc51c4898bfbca1da6/ruff-0.11.12.tar.gz", hash = "sha256:43cf7f69c7d7c7d7513b9d59c5d8cafd704e05944f978614aa9faff6ac202603", size = 4202289 }
wheels = [
    { url = "https://files.pythonhosted.org/packages/60/cc/53eb79f012d15e136d40a8e8fc519ba8f55a057f60b29c2df34efd47c6e3/ruff-0.11.12-py3-none-linux_armv6l.whl", hash = "sha256:c7680aa2f0d4c4f43353d1e72123955c7a2159b8646cd43402de6d4a3a25d7cc", size = 10285597 },
    { url = "https://files.pythonhosted.org/packages/e7/d7/73386e9fb0232b015a23f62fea7503f96e29c29e6c45461d4a73bac74df9/ruff-0.11.12-py3-none-macosx_10_12_x86_64.whl", hash = "sha256:2cad64843da9f134565c20bcc430642de897b8ea02e2e79e6e02a76b8dcad7c3", size = 11053154 },
    { url = "https://files.pythonhosted.org/packages/4e/eb/3eae144c5114e92deb65a0cb2c72326c8469e14991e9bc3ec0349da1331c/ruff-0.11.12-py3-none-macosx_11_0_arm64.whl", hash = "sha256:9b6886b524a1c659cee1758140138455d3c029783d1b9e643f3624a5ee0cb0aa", size = 10403048 },
    { url = "https://files.pythonhosted.org/packages/29/64/20c54b20e58b1058db6689e94731f2a22e9f7abab74e1a758dfba058b6ca/ruff-0.11.12-py3-none-manylinux_2_17_aarch64.manylinux2014_aarch64.whl", hash = "sha256:3cc3a3690aad6e86c1958d3ec3c38c4594b6ecec75c1f531e84160bd827b2012", size = 10597062 },
    { url = "https://files.pythonhosted.org/packages/29/3a/79fa6a9a39422a400564ca7233a689a151f1039110f0bbbabcb38106883a/ruff-0.11.12-py3-none-manylinux_2_17_armv7l.manylinux2014_armv7l.whl", hash = "sha256:f97fdbc2549f456c65b3b0048560d44ddd540db1f27c778a938371424b49fe4a", size = 10155152 },
    { url = "https://files.pythonhosted.org/packages/e5/a4/22c2c97b2340aa968af3a39bc38045e78d36abd4ed3fa2bde91c31e712e3/ruff-0.11.12-py3-none-manylinux_2_17_i686.manylinux2014_i686.whl", hash = "sha256:74adf84960236961090e2d1348c1a67d940fd12e811a33fb3d107df61eef8fc7", size = 11723067 },
    { url = "https://files.pythonhosted.org/packages/bc/cf/3e452fbd9597bcd8058856ecd42b22751749d07935793a1856d988154151/ruff-0.11.12-py3-none-manylinux_2_17_ppc64.manylinux2014_ppc64.whl", hash = "sha256:b56697e5b8bcf1d61293ccfe63873aba08fdbcbbba839fc046ec5926bdb25a3a", size = 12460807 },
    { url = "https://files.pythonhosted.org/packages/2f/ec/8f170381a15e1eb7d93cb4feef8d17334d5a1eb33fee273aee5d1f8241a3/ruff-0.11.12-py3-none-manylinux_2_17_ppc64le.manylinux2014_ppc64le.whl", hash = "sha256:4d47afa45e7b0eaf5e5969c6b39cbd108be83910b5c74626247e366fd7a36a13", size = 12063261 },
    { url = "https://files.pythonhosted.org/packages/0d/bf/57208f8c0a8153a14652a85f4116c0002148e83770d7a41f2e90b52d2b4e/ruff-0.11.12-py3-none-manylinux_2_17_s390x.manylinux2014_s390x.whl", hash = "sha256:692bf9603fe1bf949de8b09a2da896f05c01ed7a187f4a386cdba6760e7f61be", size = 11329601 },
    { url = "https://files.pythonhosted.org/packages/c3/56/edf942f7fdac5888094d9ffa303f12096f1a93eb46570bcf5f14c0c70880/ruff-0.11.12-py3-none-manylinux_2_17_x86_64.manylinux2014_x86_64.whl", hash = "sha256:08033320e979df3b20dba567c62f69c45e01df708b0f9c83912d7abd3e0801cd", size = 11522186 },
    { url = "https://files.pythonhosted.org/packages/ed/63/79ffef65246911ed7e2290aeece48739d9603b3a35f9529fec0fc6c26400/ruff-0.11.12-py3-none-musllinux_1_2_aarch64.whl", hash = "sha256:929b7706584f5bfd61d67d5070f399057d07c70585fa8c4491d78ada452d3bef", size = 10449032 },
    { url = "https://files.pythonhosted.org/packages/88/19/8c9d4d8a1c2a3f5a1ea45a64b42593d50e28b8e038f1aafd65d6b43647f3/ruff-0.11.12-py3-none-musllinux_1_2_armv7l.whl", hash = "sha256:7de4a73205dc5756b8e09ee3ed67c38312dce1aa28972b93150f5751199981b5", size = 10129370 },
    { url = "https://files.pythonhosted.org/packages/bc/0f/2d15533eaa18f460530a857e1778900cd867ded67f16c85723569d54e410/ruff-0.11.12-py3-none-musllinux_1_2_i686.whl", hash = "sha256:2635c2a90ac1b8ca9e93b70af59dfd1dd2026a40e2d6eebaa3efb0465dd9cf02", size = 11123529 },
    { url = "https://files.pythonhosted.org/packages/4f/e2/4c2ac669534bdded835356813f48ea33cfb3a947dc47f270038364587088/ruff-0.11.12-py3-none-musllinux_1_2_x86_64.whl", hash = "sha256:d05d6a78a89166f03f03a198ecc9d18779076ad0eec476819467acb401028c0c", size = 11577642 },
    { url = "https://files.pythonhosted.org/packages/a7/9b/c9ddf7f924d5617a1c94a93ba595f4b24cb5bc50e98b94433ab3f7ad27e5/ruff-0.11.12-py3-none-win32.whl", hash = "sha256:f5a07f49767c4be4772d161bfc049c1f242db0cfe1bd976e0f0886732a4765d6", size = 10475511 },
    { url = "https://files.pythonhosted.org/packages/fd/d6/74fb6d3470c1aada019ffff33c0f9210af746cca0a4de19a1f10ce54968a/ruff-0.11.12-py3-none-win_amd64.whl", hash = "sha256:5a4d9f8030d8c3a45df201d7fb3ed38d0219bccd7955268e863ee4a115fa0832", size = 11523573 },
    { url = "https://files.pythonhosted.org/packages/44/42/d58086ec20f52d2b0140752ae54b355ea2be2ed46f914231136dd1effcc7/ruff-0.11.12-py3-none-win_arm64.whl", hash = "sha256:65194e37853158d368e333ba282217941029a28ea90913c67e558c611d04daa5", size = 10697770 },
]
